
Microsoft Visual Studio Solution File, Format Version 12.00
# Visual Studio Version 17
VisualStudioVersion = 17.0.31903.59
MinimumVisualStudioVersion = 10.0.40219.1
Project("{FAE04EC0-301F-11D3-BF4B-00C04F79EFBC}") = "Garrard.AzureLib", "src\Garrard.AzureLib\Garrard.AzureLib.csproj", "{317D698C-AADB-4BCE-85C6-3F04F18A356B}"
EndProject
Project("{FAE04EC0-301F-11D3-BF4B-00C04F79EFBC}") = "Garrard.AzureLib.Sample", "src\Garrard.AzureLib.Sample\Garrard.AzureLib.Sample.csproj", "{01EBB92D-1073-4BB4-8D56-B5004606BF28}"
EndProject
Global
	GlobalSection(SolutionConfigurationPlatforms) = preSolution
		Debug|Any CPU = Debug|Any CPU
		Release|Any CPU = Release|Any CPU
	EndGlobalSection
	GlobalSection(SolutionProperties) = preSolution
		HideSolutionNode = FALSE
	EndGlobalSection
	GlobalSection(ProjectConfigurationPlatforms) = postSolution
		{317D698C-AADB-4BCE-85C6-3F04F18A356B}.Debug|Any CPU.ActiveCfg = Debug|Any CPU
		{317D698C-AADB-4BCE-85C6-3F04F18A356B}.Debug|Any CPU.Build.0 = Debug|Any CPU
		{317D698C-AADB-4BCE-85C6-3F04F18A356B}.Release|Any CPU.ActiveCfg = Release|Any CPU
		{317D698C-AADB-4BCE-85C6-3F04F18A356B}.Release|Any CPU.Build.0 = Release|Any CPU
		{01EBB92D-1073-4BB4-8D56-B5004606BF28}.Debug|Any CPU.ActiveCfg = Debug|Any CPU
		{01EBB92D-1073-4BB4-8D56-B5004606BF28}.Debug|Any CPU.Build.0 = Debug|Any CPU
		{01EBB92D-1073-4BB4-8D56-B5004606BF28}.Release|Any CPU.ActiveCfg = Release|Any CPU
		{01EBB92D-1073-4BB4-8D56-B5004606BF28}.Release|Any CPU.Build.0 = Release|Any CPU
	EndGlobalSection
EndGlobal
